// !$*UTF8*$!
{
	archiveVersion = 1;
	classes = {
	};
	objectVersion = 50;
	objects = {

/* Begin PBXBuildFile section */
		0F75DC0DD3444098241138D4 /* Pods_MovieDB.framework in Frameworks */ = {isa = PBXBuildFile; fileRef = ABD5F0336AF0DB2050E0C5F0 /* Pods_MovieDB.framework */; };
		1002657E224BE85D000D9B72 /* APIClient.swift in Sources */ = {isa = PBXBuildFile; fileRef = 1002657D224BE85D000D9B72 /* APIClient.swift */; };
		105BC535224D3DA200D342A1 /* AlertView.swift in Sources */ = {isa = PBXBuildFile; fileRef = 105BC534224D3DA200D342A1 /* AlertView.swift */; };
		1083CDB7224CECFD00E80C68 /* ReviewCollectionCell.swift in Sources */ = {isa = PBXBuildFile; fileRef = 1083CDB6224CECFD00E80C68 /* ReviewCollectionCell.swift */; };
		1083CDB9224CED0C00E80C68 /* CreditCollectionCell.swift in Sources */ = {isa = PBXBuildFile; fileRef = 1083CDB8224CED0C00E80C68 /* CreditCollectionCell.swift */; };
		1083CDBB224CED2200E80C68 /* SimilarCollectionCell.swift in Sources */ = {isa = PBXBuildFile; fileRef = 1083CDBA224CED2200E80C68 /* SimilarCollectionCell.swift */; };
		10B4E2CC224B5D3500D4B103 /* AppDelegate.swift in Sources */ = {isa = PBXBuildFile; fileRef = 10B4E2CB224B5D3500D4B103 /* AppDelegate.swift */; };
		10B4E2CE224B5D3500D4B103 /* MoviesListViewController.swift in Sources */ = {isa = PBXBuildFile; fileRef = 10B4E2CD224B5D3500D4B103 /* MoviesListViewController.swift */; };
		10B4E2D1224B5D3500D4B103 /* Main.storyboard in Resources */ = {isa = PBXBuildFile; fileRef = 10B4E2CF224B5D3500D4B103 /* Main.storyboard */; };
		10B4E2D3224B5D3500D4B103 /* Assets.xcassets in Resources */ = {isa = PBXBuildFile; fileRef = 10B4E2D2224B5D3500D4B103 /* Assets.xcassets */; };
		10B4E2D6224B5D3500D4B103 /* LaunchScreen.storyboard in Resources */ = {isa = PBXBuildFile; fileRef = 10B4E2D4224B5D3500D4B103 /* LaunchScreen.storyboard */; };
		10B4E2E1224B5D3500D4B103 /* MovieDBTests.swift in Sources */ = {isa = PBXBuildFile; fileRef = 10B4E2E0224B5D3500D4B103 /* MovieDBTests.swift */; };
		10B4E2EC224B5D3500D4B103 /* MovieDBUITests.swift in Sources */ = {isa = PBXBuildFile; fileRef = 10B4E2EB224B5D3500D4B103 /* MovieDBUITests.swift */; };
		10B4E2FD224B628600D4B103 /* MovieList.swift in Sources */ = {isa = PBXBuildFile; fileRef = 10B4E2FC224B628600D4B103 /* MovieList.swift */; };
		10B4E2FF224B629600D4B103 /* MovieDetails.swift in Sources */ = {isa = PBXBuildFile; fileRef = 10B4E2FE224B629600D4B103 /* MovieDetails.swift */; };
		10B4E301224B64D100D4B103 /* MovieCell.swift in Sources */ = {isa = PBXBuildFile; fileRef = 10B4E300224B64D100D4B103 /* MovieCell.swift */; };
		10B4E303224B6EA400D4B103 /* GlobalConstants.swift in Sources */ = {isa = PBXBuildFile; fileRef = 10B4E302224B6EA400D4B103 /* GlobalConstants.swift */; };
		10B4E305224B73FB00D4B103 /* MovieDetailsViewController.swift in Sources */ = {isa = PBXBuildFile; fileRef = 10B4E304224B73FB00D4B103 /* MovieDetailsViewController.swift */; };
		10B4E307224B753400D4B103 /* MovieCoverCell.swift in Sources */ = {isa = PBXBuildFile; fileRef = 10B4E306224B753400D4B103 /* MovieCoverCell.swift */; };
		10B4E309224B757400D4B103 /* MovieSynopsisCell.swift in Sources */ = {isa = PBXBuildFile; fileRef = 10B4E308224B757400D4B103 /* MovieSynopsisCell.swift */; };
		10B4E30B224B75E100D4B103 /* MovieReviewCell.swift in Sources */ = {isa = PBXBuildFile; fileRef = 10B4E30A224B75E100D4B103 /* MovieReviewCell.swift */; };
		10B4E30D224B75F900D4B103 /* MovieCreditCell.swift in Sources */ = {isa = PBXBuildFile; fileRef = 10B4E30C224B75F900D4B103 /* MovieCreditCell.swift */; };
		10B4E30F224B761000D4B103 /* SimilarMovieCell.swift in Sources */ = {isa = PBXBuildFile; fileRef = 10B4E30E224B761000D4B103 /* SimilarMovieCell.swift */; };
		2599C005C0E19C9C27189401 /* Pods_MovieDBUITests.framework in Frameworks */ = {isa = PBXBuildFile; fileRef = 37BF023310696CDEA1EE1E75 /* Pods_MovieDBUITests.framework */; };
		6646B646A38BFAF3ACA2D16F /* Pods_MovieDBTests.framework in Frameworks */ = {isa = PBXBuildFile; fileRef = 7EE9D8A9380C859EF5D4DC3C /* Pods_MovieDBTests.framework */; };
/* End PBXBuildFile section */

/* Begin PBXContainerItemProxy section */
		10B4E2DD224B5D3500D4B103 /* PBXContainerItemProxy */ = {
			isa = PBXContainerItemProxy;
			containerPortal = 10B4E2C0224B5D3500D4B103 /* Project object */;
			proxyType = 1;
			remoteGlobalIDString = 10B4E2C7224B5D3500D4B103;
			remoteInfo = MovieDB;
		};
		10B4E2E8224B5D3500D4B103 /* PBXContainerItemProxy */ = {
			isa = PBXContainerItemProxy;
			containerPortal = 10B4E2C0224B5D3500D4B103 /* Project object */;
			proxyType = 1;
			remoteGlobalIDString = 10B4E2C7224B5D3500D4B103;
			remoteInfo = MovieDB;
		};
/* End PBXContainerItemProxy section */

/* Begin PBXFileReference section */
		1002657D224BE85D000D9B72 /* APIClient.swift */ = {isa = PBXFileReference; lastKnownFileType = sourcecode.swift; path = APIClient.swift; sourceTree = "<group>"; };
		105BC534224D3DA200D342A1 /* AlertView.swift */ = {isa = PBXFileReference; lastKnownFileType = sourcecode.swift; path = AlertView.swift; sourceTree = "<group>"; };
		1083CDB6224CECFD00E80C68 /* ReviewCollectionCell.swift */ = {isa = PBXFileReference; lastKnownFileType = sourcecode.swift; path = ReviewCollectionCell.swift; sourceTree = "<group>"; };
		1083CDB8224CED0C00E80C68 /* CreditCollectionCell.swift */ = {isa = PBXFileReference; lastKnownFileType = sourcecode.swift; path = CreditCollectionCell.swift; sourceTree = "<group>"; };
		1083CDBA224CED2200E80C68 /* SimilarCollectionCell.swift */ = {isa = PBXFileReference; lastKnownFileType = sourcecode.swift; path = SimilarCollectionCell.swift; sourceTree = "<group>"; };
		10B4E2C8224B5D3500D4B103 /* MovieDB.app */ = {isa = PBXFileReference; explicitFileType = wrapper.application; includeInIndex = 0; path = MovieDB.app; sourceTree = BUILT_PRODUCTS_DIR; };
		10B4E2CB224B5D3500D4B103 /* AppDelegate.swift */ = {isa = PBXFileReference; lastKnownFileType = sourcecode.swift; path = AppDelegate.swift; sourceTree = "<group>"; };
		10B4E2CD224B5D3500D4B103 /* MoviesListViewController.swift */ = {isa = PBXFileReference; lastKnownFileType = sourcecode.swift; path = MoviesListViewController.swift; sourceTree = "<group>"; };
		10B4E2D0224B5D3500D4B103 /* Base */ = {isa = PBXFileReference; lastKnownFileType = file.storyboard; name = Base; path = Base.lproj/Main.storyboard; sourceTree = "<group>"; };
		10B4E2D2224B5D3500D4B103 /* Assets.xcassets */ = {isa = PBXFileReference; lastKnownFileType = folder.assetcatalog; path = Assets.xcassets; sourceTree = "<group>"; };
		10B4E2D5224B5D3500D4B103 /* Base */ = {isa = PBXFileReference; lastKnownFileType = file.storyboard; name = Base; path = Base.lproj/LaunchScreen.storyboard; sourceTree = "<group>"; };
		10B4E2D7224B5D3500D4B103 /* Info.plist */ = {isa = PBXFileReference; lastKnownFileType = text.plist.xml; path = Info.plist; sourceTree = "<group>"; };
		10B4E2DC224B5D3500D4B103 /* MovieDBTests.xctest */ = {isa = PBXFileReference; explicitFileType = wrapper.cfbundle; includeInIndex = 0; path = MovieDBTests.xctest; sourceTree = BUILT_PRODUCTS_DIR; };
		10B4E2E0224B5D3500D4B103 /* MovieDBTests.swift */ = {isa = PBXFileReference; lastKnownFileType = sourcecode.swift; path = MovieDBTests.swift; sourceTree = "<group>"; };
		10B4E2E2224B5D3500D4B103 /* Info.plist */ = {isa = PBXFileReference; lastKnownFileType = text.plist.xml; path = Info.plist; sourceTree = "<group>"; };
		10B4E2E7224B5D3500D4B103 /* MovieDBUITests.xctest */ = {isa = PBXFileReference; explicitFileType = wrapper.cfbundle; includeInIndex = 0; path = MovieDBUITests.xctest; sourceTree = BUILT_PRODUCTS_DIR; };
		10B4E2EB224B5D3500D4B103 /* MovieDBUITests.swift */ = {isa = PBXFileReference; lastKnownFileType = sourcecode.swift; path = MovieDBUITests.swift; sourceTree = "<group>"; };
		10B4E2ED224B5D3500D4B103 /* Info.plist */ = {isa = PBXFileReference; lastKnownFileType = text.plist.xml; path = Info.plist; sourceTree = "<group>"; };
		10B4E2FC224B628600D4B103 /* MovieList.swift */ = {isa = PBXFileReference; lastKnownFileType = sourcecode.swift; path = MovieList.swift; sourceTree = "<group>"; };
		10B4E2FE224B629600D4B103 /* MovieDetails.swift */ = {isa = PBXFileReference; lastKnownFileType = sourcecode.swift; path = MovieDetails.swift; sourceTree = "<group>"; };
		10B4E300224B64D100D4B103 /* MovieCell.swift */ = {isa = PBXFileReference; lastKnownFileType = sourcecode.swift; path = MovieCell.swift; sourceTree = "<group>"; };
		10B4E302224B6EA400D4B103 /* GlobalConstants.swift */ = {isa = PBXFileReference; lastKnownFileType = sourcecode.swift; path = GlobalConstants.swift; sourceTree = "<group>"; };
		10B4E304224B73FB00D4B103 /* MovieDetailsViewController.swift */ = {isa = PBXFileReference; lastKnownFileType = sourcecode.swift; path = MovieDetailsViewController.swift; sourceTree = "<group>"; };
		10B4E306224B753400D4B103 /* MovieCoverCell.swift */ = {isa = PBXFileReference; lastKnownFileType = sourcecode.swift; path = MovieCoverCell.swift; sourceTree = "<group>"; };
		10B4E308224B757400D4B103 /* MovieSynopsisCell.swift */ = {isa = PBXFileReference; lastKnownFileType = sourcecode.swift; path = MovieSynopsisCell.swift; sourceTree = "<group>"; };
		10B4E30A224B75E100D4B103 /* MovieReviewCell.swift */ = {isa = PBXFileReference; lastKnownFileType = sourcecode.swift; path = MovieReviewCell.swift; sourceTree = "<group>"; };
		10B4E30C224B75F900D4B103 /* MovieCreditCell.swift */ = {isa = PBXFileReference; lastKnownFileType = sourcecode.swift; path = MovieCreditCell.swift; sourceTree = "<group>"; };
		10B4E30E224B761000D4B103 /* SimilarMovieCell.swift */ = {isa = PBXFileReference; lastKnownFileType = sourcecode.swift; path = SimilarMovieCell.swift; sourceTree = "<group>"; };
		24CFD43D1689D4580C192625 /* Pods-MovieDB.debug.xcconfig */ = {isa = PBXFileReference; includeInIndex = 1; lastKnownFileType = text.xcconfig; name = "Pods-MovieDB.debug.xcconfig"; path = "Pods/Target Support Files/Pods-MovieDB/Pods-MovieDB.debug.xcconfig"; sourceTree = "<group>"; };
		34C447EFDE47EB60E6599C7B /* Pods-MovieDBTests.debug.xcconfig */ = {isa = PBXFileReference; includeInIndex = 1; lastKnownFileType = text.xcconfig; name = "Pods-MovieDBTests.debug.xcconfig"; path = "Pods/Target Support Files/Pods-MovieDBTests/Pods-MovieDBTests.debug.xcconfig"; sourceTree = "<group>"; };
		37BF023310696CDEA1EE1E75 /* Pods_MovieDBUITests.framework */ = {isa = PBXFileReference; explicitFileType = wrapper.framework; includeInIndex = 0; path = Pods_MovieDBUITests.framework; sourceTree = BUILT_PRODUCTS_DIR; };
		6E6D46EE1C20DA417068B09F /* Pods-MovieDBUITests.release.xcconfig */ = {isa = PBXFileReference; includeInIndex = 1; lastKnownFileType = text.xcconfig; name = "Pods-MovieDBUITests.release.xcconfig"; path = "Pods/Target Support Files/Pods-MovieDBUITests/Pods-MovieDBUITests.release.xcconfig"; sourceTree = "<group>"; };
		7EE9D8A9380C859EF5D4DC3C /* Pods_MovieDBTests.framework */ = {isa = PBXFileReference; explicitFileType = wrapper.framework; includeInIndex = 0; path = Pods_MovieDBTests.framework; sourceTree = BUILT_PRODUCTS_DIR; };
		83B8655BD351ED2F40213254 /* Pods-MovieDBUITests.debug.xcconfig */ = {isa = PBXFileReference; includeInIndex = 1; lastKnownFileType = text.xcconfig; name = "Pods-MovieDBUITests.debug.xcconfig"; path = "Pods/Target Support Files/Pods-MovieDBUITests/Pods-MovieDBUITests.debug.xcconfig"; sourceTree = "<group>"; };
		ABD5F0336AF0DB2050E0C5F0 /* Pods_MovieDB.framework */ = {isa = PBXFileReference; explicitFileType = wrapper.framework; includeInIndex = 0; path = Pods_MovieDB.framework; sourceTree = BUILT_PRODUCTS_DIR; };
		E53ADFEFD8E17A0A5B9DAC4F /* Pods-MovieDB.release.xcconfig */ = {isa = PBXFileReference; includeInIndex = 1; lastKnownFileType = text.xcconfig; name = "Pods-MovieDB.release.xcconfig"; path = "Pods/Target Support Files/Pods-MovieDB/Pods-MovieDB.release.xcconfig"; sourceTree = "<group>"; };
		F65AA08E6A7E210DC1745B6D /* Pods-MovieDBTests.release.xcconfig */ = {isa = PBXFileReference; includeInIndex = 1; lastKnownFileType = text.xcconfig; name = "Pods-MovieDBTests.release.xcconfig"; path = "Pods/Target Support Files/Pods-MovieDBTests/Pods-MovieDBTests.release.xcconfig"; sourceTree = "<group>"; };
/* End PBXFileReference section */

/* Begin PBXFrameworksBuildPhase section */
		10B4E2C5224B5D3500D4B103 /* Frameworks */ = {
			isa = PBXFrameworksBuildPhase;
			buildActionMask = 2147483647;
			files = (
				0F75DC0DD3444098241138D4 /* Pods_MovieDB.framework in Frameworks */,
			);
			runOnlyForDeploymentPostprocessing = 0;
		};
		10B4E2D9224B5D3500D4B103 /* Frameworks */ = {
			isa = PBXFrameworksBuildPhase;
			buildActionMask = 2147483647;
			files = (
				6646B646A38BFAF3ACA2D16F /* Pods_MovieDBTests.framework in Frameworks */,
			);
			runOnlyForDeploymentPostprocessing = 0;
		};
		10B4E2E4224B5D3500D4B103 /* Frameworks */ = {
			isa = PBXFrameworksBuildPhase;
			buildActionMask = 2147483647;
			files = (
				2599C005C0E19C9C27189401 /* Pods_MovieDBUITests.framework in Frameworks */,
			);
			runOnlyForDeploymentPostprocessing = 0;
		};
/* End PBXFrameworksBuildPhase section */

/* Begin PBXGroup section */
		105BC530224D2A2500D342A1 /* Table View Cells */ = {
			isa = PBXGroup;
			children = (
				10B4E300224B64D100D4B103 /* MovieCell.swift */,
				10B4E306224B753400D4B103 /* MovieCoverCell.swift */,
				10B4E308224B757400D4B103 /* MovieSynopsisCell.swift */,
				10B4E30A224B75E100D4B103 /* MovieReviewCell.swift */,
				10B4E30C224B75F900D4B103 /* MovieCreditCell.swift */,
				10B4E30E224B761000D4B103 /* SimilarMovieCell.swift */,
			);
			path = "Table View Cells";
			sourceTree = "<group>";
		};
		105BC531224D2A3100D342A1 /* Collection View Cells */ = {
			isa = PBXGroup;
			children = (
				1083CDB6224CECFD00E80C68 /* ReviewCollectionCell.swift */,
				1083CDB8224CED0C00E80C68 /* CreditCollectionCell.swift */,
				1083CDBA224CED2200E80C68 /* SimilarCollectionCell.swift */,
			);
			path = "Collection View Cells";
			sourceTree = "<group>";
		};
		105BC532224D2C3D00D342A1 /* Service */ = {
			isa = PBXGroup;
			children = (
				1002657D224BE85D000D9B72 /* APIClient.swift */,
			);
			path = Service;
			sourceTree = "<group>";
		};
		105BC533224D2C6500D342A1 /* Helper Files */ = {
			isa = PBXGroup;
			children = (
				10B4E302224B6EA400D4B103 /* GlobalConstants.swift */,
			);
			path = "Helper Files";
			sourceTree = "<group>";
		};
		10B4E2BF224B5D3500D4B103 = {
			isa = PBXGroup;
			children = (
				10B4E2CA224B5D3500D4B103 /* MovieDB */,
				10B4E2DF224B5D3500D4B103 /* MovieDBTests */,
				10B4E2EA224B5D3500D4B103 /* MovieDBUITests */,
				10B4E2C9224B5D3500D4B103 /* Products */,
				89569E756AD3F8B4B03D9808 /* Pods */,
				67200AA1A002A6A260E28B29 /* Frameworks */,
			);
			sourceTree = "<group>";
		};
		10B4E2C9224B5D3500D4B103 /* Products */ = {
			isa = PBXGroup;
			children = (
				10B4E2C8224B5D3500D4B103 /* MovieDB.app */,
				10B4E2DC224B5D3500D4B103 /* MovieDBTests.xctest */,
				10B4E2E7224B5D3500D4B103 /* MovieDBUITests.xctest */,
			);
			name = Products;
			sourceTree = "<group>";
		};
		10B4E2CA224B5D3500D4B103 /* MovieDB */ = {
			isa = PBXGroup;
			children = (
				105BC533224D2C6500D342A1 /* Helper Files */,
				105BC532224D2C3D00D342A1 /* Service */,
				10B4E2FB224B5ED600D4B103 /* Model */,
				10B4E2FA224B5ECF00D4B103 /* View */,
				10B4E2F9224B5EC800D4B103 /* Controller */,
				10B4E2CB224B5D3500D4B103 /* AppDelegate.swift */,
				10B4E2CF224B5D3500D4B103 /* Main.storyboard */,
				10B4E2D2224B5D3500D4B103 /* Assets.xcassets */,
				10B4E2D4224B5D3500D4B103 /* LaunchScreen.storyboard */,
				10B4E2D7224B5D3500D4B103 /* Info.plist */,
			);
			path = MovieDB;
			sourceTree = "<group>";
		};
		10B4E2DF224B5D3500D4B103 /* MovieDBTests */ = {
			isa = PBXGroup;
			children = (
				10B4E2E0224B5D3500D4B103 /* MovieDBTests.swift */,
				10B4E2E2224B5D3500D4B103 /* Info.plist */,
			);
			path = MovieDBTests;
			sourceTree = "<group>";
		};
		10B4E2EA224B5D3500D4B103 /* MovieDBUITests */ = {
			isa = PBXGroup;
			children = (
				10B4E2EB224B5D3500D4B103 /* MovieDBUITests.swift */,
				10B4E2ED224B5D3500D4B103 /* Info.plist */,
			);
			path = MovieDBUITests;
			sourceTree = "<group>";
		};
		10B4E2F9224B5EC800D4B103 /* Controller */ = {
			isa = PBXGroup;
			children = (
				10B4E2CD224B5D3500D4B103 /* MoviesListViewController.swift */,
				10B4E304224B73FB00D4B103 /* MovieDetailsViewController.swift */,
			);
			path = Controller;
			sourceTree = "<group>";
		};
		10B4E2FA224B5ECF00D4B103 /* View */ = {
			isa = PBXGroup;
			children = (
				105BC530224D2A2500D342A1 /* Table View Cells */,
				105BC531224D2A3100D342A1 /* Collection View Cells */,
				105BC534224D3DA200D342A1 /* AlertView.swift */,
			);
			path = View;
			sourceTree = "<group>";
		};
		10B4E2FB224B5ED600D4B103 /* Model */ = {
			isa = PBXGroup;
			children = (
				10B4E2FC224B628600D4B103 /* MovieList.swift */,
				10B4E2FE224B629600D4B103 /* MovieDetails.swift */,
			);
			path = Model;
			sourceTree = "<group>";
		};
		67200AA1A002A6A260E28B29 /* Frameworks */ = {
			isa = PBXGroup;
			children = (
				ABD5F0336AF0DB2050E0C5F0 /* Pods_MovieDB.framework */,
				7EE9D8A9380C859EF5D4DC3C /* Pods_MovieDBTests.framework */,
				37BF023310696CDEA1EE1E75 /* Pods_MovieDBUITests.framework */,
			);
			name = Frameworks;
			sourceTree = "<group>";
		};
		89569E756AD3F8B4B03D9808 /* Pods */ = {
			isa = PBXGroup;
			children = (
				24CFD43D1689D4580C192625 /* Pods-MovieDB.debug.xcconfig */,
				E53ADFEFD8E17A0A5B9DAC4F /* Pods-MovieDB.release.xcconfig */,
				34C447EFDE47EB60E6599C7B /* Pods-MovieDBTests.debug.xcconfig */,
				F65AA08E6A7E210DC1745B6D /* Pods-MovieDBTests.release.xcconfig */,
				83B8655BD351ED2F40213254 /* Pods-MovieDBUITests.debug.xcconfig */,
				6E6D46EE1C20DA417068B09F /* Pods-MovieDBUITests.release.xcconfig */,
			);
			name = Pods;
			sourceTree = "<group>";
		};
/* End PBXGroup section */

/* Begin PBXNativeTarget section */
		10B4E2C7224B5D3500D4B103 /* MovieDB */ = {
			isa = PBXNativeTarget;
			buildConfigurationList = 10B4E2F0224B5D3500D4B103 /* Build configuration list for PBXNativeTarget "MovieDB" */;
			buildPhases = (
				EA3A7F7607789D8AFF0162D9 /* [CP] Check Pods Manifest.lock */,
				10B4E2C4224B5D3500D4B103 /* Sources */,
				10B4E2C5224B5D3500D4B103 /* Frameworks */,
				10B4E2C6224B5D3500D4B103 /* Resources */,
				7E5F69B86C39454261B005C8 /* [CP] Embed Pods Frameworks */,
			);
			buildRules = (
			);
			dependencies = (
			);
			name = MovieDB;
			productName = MovieDB;
			productReference = 10B4E2C8224B5D3500D4B103 /* MovieDB.app */;
			productType = "com.apple.product-type.application";
		};
		10B4E2DB224B5D3500D4B103 /* MovieDBTests */ = {
			isa = PBXNativeTarget;
			buildConfigurationList = 10B4E2F3224B5D3500D4B103 /* Build configuration list for PBXNativeTarget "MovieDBTests" */;
			buildPhases = (
				0148D749723D885EE86C8B48 /* [CP] Check Pods Manifest.lock */,
				10B4E2D8224B5D3500D4B103 /* Sources */,
				10B4E2D9224B5D3500D4B103 /* Frameworks */,
				10B4E2DA224B5D3500D4B103 /* Resources */,
			);
			buildRules = (
			);
			dependencies = (
				10B4E2DE224B5D3500D4B103 /* PBXTargetDependency */,
			);
			name = MovieDBTests;
			productName = MovieDBTests;
			productReference = 10B4E2DC224B5D3500D4B103 /* MovieDBTests.xctest */;
			productType = "com.apple.product-type.bundle.unit-test";
		};
		10B4E2E6224B5D3500D4B103 /* MovieDBUITests */ = {
			isa = PBXNativeTarget;
			buildConfigurationList = 10B4E2F6224B5D3500D4B103 /* Build configuration list for PBXNativeTarget "MovieDBUITests" */;
			buildPhases = (
				C0411AE39A4472949C3198A3 /* [CP] Check Pods Manifest.lock */,
				10B4E2E3224B5D3500D4B103 /* Sources */,
				10B4E2E4224B5D3500D4B103 /* Frameworks */,
				10B4E2E5224B5D3500D4B103 /* Resources */,
			);
			buildRules = (
			);
			dependencies = (
				10B4E2E9224B5D3500D4B103 /* PBXTargetDependency */,
			);
			name = MovieDBUITests;
			productName = MovieDBUITests;
			productReference = 10B4E2E7224B5D3500D4B103 /* MovieDBUITests.xctest */;
			productType = "com.apple.product-type.bundle.ui-testing";
		};
/* End PBXNativeTarget section */

/* Begin PBXProject section */
		10B4E2C0224B5D3500D4B103 /* Project object */ = {
			isa = PBXProject;
			attributes = {
				LastSwiftUpdateCheck = 1010;
				LastUpgradeCheck = 1010;
				ORGANIZATIONNAME = "Samarth Paboowal";
				TargetAttributes = {
					10B4E2C7224B5D3500D4B103 = {
						CreatedOnToolsVersion = 10.1;
					};
					10B4E2DB224B5D3500D4B103 = {
						CreatedOnToolsVersion = 10.1;
						TestTargetID = 10B4E2C7224B5D3500D4B103;
					};
					10B4E2E6224B5D3500D4B103 = {
						CreatedOnToolsVersion = 10.1;
						TestTargetID = 10B4E2C7224B5D3500D4B103;
					};
				};
			};
			buildConfigurationList = 10B4E2C3224B5D3500D4B103 /* Build configuration list for PBXProject "MovieDB" */;
			compatibilityVersion = "Xcode 9.3";
			developmentRegion = en;
			hasScannedForEncodings = 0;
			knownRegions = (
				en,
				Base,
			);
			mainGroup = 10B4E2BF224B5D3500D4B103;
			productRefGroup = 10B4E2C9224B5D3500D4B103 /* Products */;
			projectDirPath = "";
			projectRoot = "";
			targets = (
				10B4E2C7224B5D3500D4B103 /* MovieDB */,
				10B4E2DB224B5D3500D4B103 /* MovieDBTests */,
				10B4E2E6224B5D3500D4B103 /* MovieDBUITests */,
			);
		};
/* End PBXProject section */

/* Begin PBXResourcesBuildPhase section */
		10B4E2C6224B5D3500D4B103 /* Resources */ = {
			isa = PBXResourcesBuildPhase;
			buildActionMask = 2147483647;
			files = (
				10B4E2D6224B5D3500D4B103 /* LaunchScreen.storyboard in Resources */,
				10B4E2D3224B5D3500D4B103 /* Assets.xcassets in Resources */,
				10B4E2D1224B5D3500D4B103 /* Main.storyboard in Resources */,
			);
			runOnlyForDeploymentPostprocessing = 0;
		};
		10B4E2DA224B5D3500D4B103 /* Resources */ = {
			isa = PBXResourcesBuildPhase;
			buildActionMask = 2147483647;
			files = (
			);
			runOnlyForDeploymentPostprocessing = 0;
		};
		10B4E2E5224B5D3500D4B103 /* Resources */ = {
			isa = PBXResourcesBuildPhase;
			buildActionMask = 2147483647;
			files = (
			);
			runOnlyForDeploymentPostprocessing = 0;
		};
/* End PBXResourcesBuildPhase section */

/* Begin PBXShellScriptBuildPhase section */
		0148D749723D885EE86C8B48 /* [CP] Check Pods Manifest.lock */ = {
			isa = PBXShellScriptBuildPhase;
			buildActionMask = 2147483647;
			files = (
			);
			inputPaths = (
				"${PODS_PODFILE_DIR_PATH}/Podfile.lock",
				"${PODS_ROOT}/Manifest.lock",
			);
			name = "[CP] Check Pods Manifest.lock";
			outputPaths = (
				"$(DERIVED_FILE_DIR)/Pods-MovieDBTests-checkManifestLockResult.txt",
			);
			runOnlyForDeploymentPostprocessing = 0;
			shellPath = /bin/sh;
			shellScript = "diff \"${PODS_PODFILE_DIR_PATH}/Podfile.lock\" \"${PODS_ROOT}/Manifest.lock\" > /dev/null\nif [ $? != 0 ] ; then\n    # print error to STDERR\n    echo \"error: The sandbox is not in sync with the Podfile.lock. Run 'pod install' or update your CocoaPods installation.\" >&2\n    exit 1\nfi\n# This output is used by Xcode 'outputs' to avoid re-running this script phase.\necho \"SUCCESS\" > \"${SCRIPT_OUTPUT_FILE_0}\"\n";
			showEnvVarsInLog = 0;
		};
		7E5F69B86C39454261B005C8 /* [CP] Embed Pods Frameworks */ = {
			isa = PBXShellScriptBuildPhase;
			buildActionMask = 2147483647;
			files = (
			);
			inputPaths = (
				"${SRCROOT}/Pods/Target Support Files/Pods-MovieDB/Pods-MovieDB-frameworks.sh",
				"${BUILT_PRODUCTS_DIR}/Alamofire/Alamofire.framework",
			);
			name = "[CP] Embed Pods Frameworks";
			outputPaths = (
				"${TARGET_BUILD_DIR}/${FRAMEWORKS_FOLDER_PATH}/Alamofire.framework",
			);
			runOnlyForDeploymentPostprocessing = 0;
			shellPath = /bin/sh;
			shellScript = "\"${SRCROOT}/Pods/Target Support Files/Pods-MovieDB/Pods-MovieDB-frameworks.sh\"\n";
			showEnvVarsInLog = 0;
		};
		C0411AE39A4472949C3198A3 /* [CP] Check Pods Manifest.lock */ = {
			isa = PBXShellScriptBuildPhase;
			buildActionMask = 2147483647;
			files = (
			);
			inputPaths = (
				"${PODS_PODFILE_DIR_PATH}/Podfile.lock",
				"${PODS_ROOT}/Manifest.lock",
			);
			name = "[CP] Check Pods Manifest.lock";
			outputPaths = (
				"$(DERIVED_FILE_DIR)/Pods-MovieDBUITests-checkManifestLockResult.txt",
			);
			runOnlyForDeploymentPostprocessing = 0;
			shellPath = /bin/sh;
			shellScript = "diff \"${PODS_PODFILE_DIR_PATH}/Podfile.lock\" \"${PODS_ROOT}/Manifest.lock\" > /dev/null\nif [ $? != 0 ] ; then\n    # print error to STDERR\n    echo \"error: The sandbox is not in sync with the Podfile.lock. Run 'pod install' or update your CocoaPods installation.\" >&2\n    exit 1\nfi\n# This output is used by Xcode 'outputs' to avoid re-running this script phase.\necho \"SUCCESS\" > \"${SCRIPT_OUTPUT_FILE_0}\"\n";
			showEnvVarsInLog = 0;
		};
		EA3A7F7607789D8AFF0162D9 /* [CP] Check Pods Manifest.lock */ = {
			isa = PBXShellScriptBuildPhase;
			buildActionMask = 2147483647;
			files = (
			);
			inputPaths = (
				"${PODS_PODFILE_DIR_PATH}/Podfile.lock",
				"${PODS_ROOT}/Manifest.lock",
			);
			name = "[CP] Check Pods Manifest.lock";
			outputPaths = (
				"$(DERIVED_FILE_DIR)/Pods-MovieDB-checkManifestLockResult.txt",
			);
			runOnlyForDeploymentPostprocessing = 0;
			shellPath = /bin/sh;
			shellScript = "diff \"${PODS_PODFILE_DIR_PATH}/Podfile.lock\" \"${PODS_ROOT}/Manifest.lock\" > /dev/null\nif [ $? != 0 ] ; then\n    # print error to STDERR\n    echo \"error: The sandbox is not in sync with the Podfile.lock. Run 'pod install' or update your CocoaPods installation.\" >&2\n    exit 1\nfi\n# This output is used by Xcode 'outputs' to avoid re-running this script phase.\necho \"SUCCESS\" > \"${SCRIPT_OUTPUT_FILE_0}\"\n";
			showEnvVarsInLog = 0;
		};
/* End PBXShellScriptBuildPhase section */

/* Begin PBXSourcesBuildPhase section */
		10B4E2C4224B5D3500D4B103 /* Sources */ = {
			isa = PBXSourcesBuildPhase;
			buildActionMask = 2147483647;
			files = (
				10B4E2FD224B628600D4B103 /* MovieList.swift in Sources */,
				1083CDB9224CED0C00E80C68 /* CreditCollectionCell.swift in Sources */,
				10B4E2CE224B5D3500D4B103 /* MoviesListViewController.swift in Sources */,
				1083CDBB224CED2200E80C68 /* SimilarCollectionCell.swift in Sources */,
				10B4E30F224B761000D4B103 /* SimilarMovieCell.swift in Sources */,
				10B4E30B224B75E100D4B103 /* MovieReviewCell.swift in Sources */,
				10B4E2CC224B5D3500D4B103 /* AppDelegate.swift in Sources */,
				1083CDB7224CECFD00E80C68 /* ReviewCollectionCell.swift in Sources */,
				10B4E305224B73FB00D4B103 /* MovieDetailsViewController.swift in Sources */,
				10B4E301224B64D100D4B103 /* MovieCell.swift in Sources */,
				10B4E303224B6EA400D4B103 /* GlobalConstants.swift in Sources */,
				10B4E307224B753400D4B103 /* MovieCoverCell.swift in Sources */,
				1002657E224BE85D000D9B72 /* APIClient.swift in Sources */,
				10B4E30D224B75F900D4B103 /* MovieCreditCell.swift in Sources */,
				10B4E309224B757400D4B103 /* MovieSynopsisCell.swift in Sources */,
				10B4E2FF224B629600D4B103 /* MovieDetails.swift in Sources */,
				105BC535224D3DA200D342A1 /* AlertView.swift in Sources */,
			);
			runOnlyForDeploymentPostprocessing = 0;
		};
		10B4E2D8224B5D3500D4B103 /* Sources */ = {
			isa = PBXSourcesBuildPhase;
			buildActionMask = 2147483647;
			files = (
				10B4E2E1224B5D3500D4B103 /* MovieDBTests.swift in Sources */,
			);
			runOnlyForDeploymentPostprocessing = 0;
		};
		10B4E2E3224B5D3500D4B103 /* Sources */ = {
			isa = PBXSourcesBuildPhase;
			buildActionMask = 2147483647;
			files = (
				10B4E2EC224B5D3500D4B103 /* MovieDBUITests.swift in Sources */,
			);
			runOnlyForDeploymentPostprocessing = 0;
		};
/* End PBXSourcesBuildPhase section */

/* Begin PBXTargetDependency section */
		10B4E2DE224B5D3500D4B103 /* PBXTargetDependency */ = {
			isa = PBXTargetDependency;
			target = 10B4E2C7224B5D3500D4B103 /* MovieDB */;
			targetProxy = 10B4E2DD224B5D3500D4B103 /* PBXContainerItemProxy */;
		};
		10B4E2E9224B5D3500D4B103 /* PBXTargetDependency */ = {
			isa = PBXTargetDependency;
			target = 10B4E2C7224B5D3500D4B103 /* MovieDB */;
			targetProxy = 10B4E2E8224B5D3500D4B103 /* PBXContainerItemProxy */;
		};
/* End PBXTargetDependency section */

/* Begin PBXVariantGroup section */
		10B4E2CF224B5D3500D4B103 /* Main.storyboard */ = {
			isa = PBXVariantGroup;
			children = (
				10B4E2D0224B5D3500D4B103 /* Base */,
			);
			name = Main.storyboard;
			sourceTree = "<group>";
		};
		10B4E2D4224B5D3500D4B103 /* LaunchScreen.storyboard */ = {
			isa = PBXVariantGroup;
			children = (
				10B4E2D5224B5D3500D4B103 /* Base */,
			);
			name = LaunchScreen.storyboard;
			sourceTree = "<group>";
		};
/* End PBXVariantGroup section */

/* Begin XCBuildConfiguration section */
		10B4E2EE224B5D3500D4B103 /* Debug */ = {
			isa = XCBuildConfiguration;
			buildSettings = {
				ALWAYS_SEARCH_USER_PATHS = NO;
				CLANG_ANALYZER_NONNULL = YES;
				CLANG_ANALYZER_NUMBER_OBJECT_CONVERSION = YES_AGGRESSIVE;
				CLANG_CXX_LANGUAGE_STANDARD = "gnu++14";
				CLANG_CXX_LIBRARY = "libc++";
				CLANG_ENABLE_MODULES = YES;
				CLANG_ENABLE_OBJC_ARC = YES;
				CLANG_ENABLE_OBJC_WEAK = YES;
				CLANG_WARN_BLOCK_CAPTURE_AUTORELEASING = YES;
				CLANG_WARN_BOOL_CONVERSION = YES;
				CLANG_WARN_COMMA = YES;
				CLANG_WARN_CONSTANT_CONVERSION = YES;
				CLANG_WARN_DEPRECATED_OBJC_IMPLEMENTATIONS = YES;
				CLANG_WARN_DIRECT_OBJC_ISA_USAGE = YES_ERROR;
				CLANG_WARN_DOCUMENTATION_COMMENTS = YES;
				CLANG_WARN_EMPTY_BODY = YES;
				CLANG_WARN_ENUM_CONVERSION = YES;
				CLANG_WARN_INFINITE_RECURSION = YES;
				CLANG_WARN_INT_CONVERSION = YES;
				CLANG_WARN_NON_LITERAL_NULL_CONVERSION = YES;
				CLANG_WARN_OBJC_IMPLICIT_RETAIN_SELF = YES;
				CLANG_WARN_OBJC_LITERAL_CONVERSION = YES;
				CLANG_WARN_OBJC_ROOT_CLASS = YES_ERROR;
				CLANG_WARN_RANGE_LOOP_ANALYSIS = YES;
				CLANG_WARN_STRICT_PROTOTYPES = YES;
				CLANG_WARN_SUSPICIOUS_MOVE = YES;
				CLANG_WARN_UNGUARDED_AVAILABILITY = YES_AGGRESSIVE;
				CLANG_WARN_UNREACHABLE_CODE = YES;
				CLANG_WARN__DUPLICATE_METHOD_MATCH = YES;
				CODE_SIGN_IDENTITY = "iPhone Developer";
				COPY_PHASE_STRIP = NO;
				DEBUG_INFORMATION_FORMAT = dwarf;
				ENABLE_STRICT_OBJC_MSGSEND = YES;
				ENABLE_TESTABILITY = YES;
				GCC_C_LANGUAGE_STANDARD = gnu11;
				GCC_DYNAMIC_NO_PIC = NO;
				GCC_NO_COMMON_BLOCKS = YES;
				GCC_OPTIMIZATION_LEVEL = 0;
				GCC_PREPROCESSOR_DEFINITIONS = (
					"DEBUG=1",
					"$(inherited)",
				);
				GCC_WARN_64_TO_32_BIT_CONVERSION = YES;
				GCC_WARN_ABOUT_RETURN_TYPE = YES_ERROR;
				GCC_WARN_UNDECLARED_SELECTOR = YES;
				GCC_WARN_UNINITIALIZED_AUTOS = YES_AGGRESSIVE;
				GCC_WARN_UNUSED_FUNCTION = YES;
				GCC_WARN_UNUSED_VARIABLE = YES;
				IPHONEOS_DEPLOYMENT_TARGET = 12.1;
				MTL_ENABLE_DEBUG_INFO = INCLUDE_SOURCE;
				MTL_FAST_MATH = YES;
				ONLY_ACTIVE_ARCH = YES;
				SDKROOT = iphoneos;
				SWIFT_ACTIVE_COMPILATION_CONDITIONS = DEBUG;
				SWIFT_OPTIMIZATION_LEVEL = "-Onone";
			};
			name = Debug;
		};
		10B4E2EF224B5D3500D4B103 /* Release */ = {
			isa = XCBuildConfiguration;
			buildSettings = {
				ALWAYS_SEARCH_USER_PATHS = NO;
				CLANG_ANALYZER_NONNULL = YES;
				CLANG_ANALYZER_NUMBER_OBJECT_CONVERSION = YES_AGGRESSIVE;
				CLANG_CXX_LANGUAGE_STANDARD = "gnu++14";
				CLANG_CXX_LIBRARY = "libc++";
				CLANG_ENABLE_MODULES = YES;
				CLANG_ENABLE_OBJC_ARC = YES;
				CLANG_ENABLE_OBJC_WEAK = YES;
				CLANG_WARN_BLOCK_CAPTURE_AUTORELEASING = YES;
				CLANG_WARN_BOOL_CONVERSION = YES;
				CLANG_WARN_COMMA = YES;
				CLANG_WARN_CONSTANT_CONVERSION = YES;
				CLANG_WARN_DEPRECATED_OBJC_IMPLEMENTATIONS = YES;
				CLANG_WARN_DIRECT_OBJC_ISA_USAGE = YES_ERROR;
				CLANG_WARN_DOCUMENTATION_COMMENTS = YES;
				CLANG_WARN_EMPTY_BODY = YES;
				CLANG_WARN_ENUM_CONVERSION = YES;
				CLANG_WARN_INFINITE_RECURSION = YES;
				CLANG_WARN_INT_CONVERSION = YES;
				CLANG_WARN_NON_LITERAL_NULL_CONVERSION = YES;
				CLANG_WARN_OBJC_IMPLICIT_RETAIN_SELF = YES;
				CLANG_WARN_OBJC_LITERAL_CONVERSION = YES;
				CLANG_WARN_OBJC_ROOT_CLASS = YES_ERROR;
				CLANG_WARN_RANGE_LOOP_ANALYSIS = YES;
				CLANG_WARN_STRICT_PROTOTYPES = YES;
				CLANG_WARN_SUSPICIOUS_MOVE = YES;
				CLANG_WARN_UNGUARDED_AVAILABILITY = YES_AGGRESSIVE;
				CLANG_WARN_UNREACHABLE_CODE = YES;
				CLANG_WARN__DUPLICATE_METHOD_MATCH = YES;
				CODE_SIGN_IDENTITY = "iPhone Developer";
				COPY_PHASE_STRIP = NO;
				DEBUG_INFORMATION_FORMAT = "dwarf-with-dsym";
				ENABLE_NS_ASSERTIONS = NO;
				ENABLE_STRICT_OBJC_MSGSEND = YES;
				GCC_C_LANGUAGE_STANDARD = gnu11;
				GCC_NO_COMMON_BLOCKS = YES;
				GCC_WARN_64_TO_32_BIT_CONVERSION = YES;
				GCC_WARN_ABOUT_RETURN_TYPE = YES_ERROR;
				GCC_WARN_UNDECLARED_SELECTOR = YES;
				GCC_WARN_UNINITIALIZED_AUTOS = YES_AGGRESSIVE;
				GCC_WARN_UNUSED_FUNCTION = YES;
				GCC_WARN_UNUSED_VARIABLE = YES;
				IPHONEOS_DEPLOYMENT_TARGET = 12.1;
				MTL_ENABLE_DEBUG_INFO = NO;
				MTL_FAST_MATH = YES;
				SDKROOT = iphoneos;
				SWIFT_COMPILATION_MODE = wholemodule;
				SWIFT_OPTIMIZATION_LEVEL = "-O";
				VALIDATE_PRODUCT = YES;
			};
			name = Release;
		};
		10B4E2F1224B5D3500D4B103 /* Debug */ = {
			isa = XCBuildConfiguration;
			baseConfigurationReference = 24CFD43D1689D4580C192625 /* Pods-MovieDB.debug.xcconfig */;
			buildSettings = {
				ASSETCATALOG_COMPILER_APPICON_NAME = AppIcon;
				CODE_SIGN_STYLE = Automatic;
				DEVELOPMENT_TEAM = ES5YG98Z24;
				INFOPLIST_FILE = MovieDB/Info.plist;
				LD_RUNPATH_SEARCH_PATHS = (
					"$(inherited)",
					"@executable_path/Frameworks",
				);
				PRODUCT_BUNDLE_IDENTIFIER = com.junkie.MovieDB;
				PRODUCT_NAME = "$(TARGET_NAME)";
				SWIFT_VERSION = 4.2;
				TARGETED_DEVICE_FAMILY = "1,2";
			};
			name = Debug;
		};
		10B4E2F2224B5D3500D4B103 /* Release */ = {
			isa = XCBuildConfiguration;
			baseConfigurationReference = E53ADFEFD8E17A0A5B9DAC4F /* Pods-MovieDB.release.xcconfig */;
			buildSettings = {
				ASSETCATALOG_COMPILER_APPICON_NAME = AppIcon;
				CODE_SIGN_STYLE = Automatic;
				DEVELOPMENT_TEAM = ES5YG98Z24;
				INFOPLIST_FILE = MovieDB/Info.plist;
				LD_RUNPATH_SEARCH_PATHS = (
					"$(inherited)",
					"@executable_path/Frameworks",
				);
				PRODUCT_BUNDLE_IDENTIFIER = com.junkie.MovieDB;
				PRODUCT_NAME = "$(TARGET_NAME)";
				SWIFT_VERSION = 4.2;
				TARGETED_DEVICE_FAMILY = "1,2";
			};
			name = Release;
		};
		10B4E2F4224B5D3500D4B103 /* Debug */ = {
			isa = XCBuildConfiguration;
			baseConfigurationReference = 34C447EFDE47EB60E6599C7B /* Pods-MovieDBTests.debug.xcconfig */;
			buildSettings = {
				ALWAYS_EMBED_SWIFT_STANDARD_LIBRARIES = YES;
				BUNDLE_LOADER = "$(TEST_HOST)";
				CODE_SIGN_STYLE = Automatic;
				DEVELOPMENT_TEAM = ES5YG98Z24;
				INFOPLIST_FILE = MovieDBTests/Info.plist;
				LD_RUNPATH_SEARCH_PATHS = (
					"$(inherited)",
					"@executable_path/Frameworks",
					"@loader_path/Frameworks",
				);
				PRODUCT_BUNDLE_IDENTIFIER = com.junkie.MovieDBTests;
				PRODUCT_NAME = "$(TARGET_NAME)";
				SWIFT_VERSION = 4.2;
				TARGETED_DEVICE_FAMILY = "1,2";
				TEST_HOST = "$(BUILT_PRODUCTS_DIR)/MovieDB.app/MovieDB";
			};
			name = Debug;
		};
		10B4E2F5224B5D3500D4B103 /* Release */ = {
			isa = XCBuildConfiguration;
			baseConfigurationReference = F65AA08E6A7E210DC1745B6D /* Pods-MovieDBTests.release.xcconfig */;
			buildSettings = {
				ALWAYS_EMBED_SWIFT_STANDARD_LIBRARIES = YES;
				BUNDLE_LOADER = "$(TEST_HOST)";
				CODE_SIGN_STYLE = Automatic;
				DEVELOPMENT_TEAM = ES5YG98Z24;
				INFOPLIST_FILE = MovieDBTests/Info.plist;
				LD_RUNPATH_SEARCH_PATHS = (
					"$(inherited)",
					"@executable_path/Frameworks",
					"@loader_path/Frameworks",
				);
				PRODUCT_BUNDLE_IDENTIFIER = com.junkie.MovieDBTests;
				PRODUCT_NAME = "$(TARGET_NAME)";
				SWIFT_VERSION = 4.2;
				TARGETED_DEVICE_FAMILY = "1,2";
				TEST_HOST = "$(BUILT_PRODUCTS_DIR)/MovieDB.app/MovieDB";
			};
			name = Release;
		};
		10B4E2F7224B5D3500D4B103 /* Debug */ = {
			isa = XCBuildConfiguration;
			baseConfigurationReference = 83B8655BD351ED2F40213254 /* Pods-MovieDBUITests.debug.xcconfig */;
			buildSettings = {
				ALWAYS_EMBED_SWIFT_STANDARD_LIBRARIES = YES;
				CODE_SIGN_STYLE = Automatic;
				DEVELOPMENT_TEAM = ES5YG98Z24;
				INFOPLIST_FILE = MovieDBUITests/Info.plist;
				LD_RUNPATH_SEARCH_PATHS = (
					"$(inherited)",
					"@executable_path/Frameworks",
					"@loader_path/Frameworks",
				);
				PRODUCT_BUNDLE_IDENTIFIER = com.junkie.MovieDBUITests;
				PRODUCT_NAME = "$(TARGET_NAME)";
				SWIFT_VERSION = 4.2;
				TARGETED_DEVICE_FAMILY = "1,2";
				TEST_TARGET_NAME = MovieDB;
			};
			name = Debug;
		};
		10B4E2F8224B5D3500D4B103 /* Release */ = {
			isa = XCBuildConfiguration;
			baseConfigurationReference = 6E6D46EE1C20DA417068B09F /* Pods-MovieDBUITests.release.xcconfig */;
			buildSettings = {
				ALWAYS_EMBED_SWIFT_STANDARD_LIBRARIES = YES;
				CODE_SIGN_STYLE = Automatic;
				DEVELOPMENT_TEAM = ES5YG98Z24;
				INFOPLIST_FILE = MovieDBUITests/Info.plist;
				LD_RUNPATH_SEARCH_PATHS = (
					"$(inherited)",
					"@executable_path/Frameworks",
					"@loader_path/Frameworks",
				);
				PRODUCT_BUNDLE_IDENTIFIER = com.junkie.MovieDBUITests;
				PRODUCT_NAME = "$(TARGET_NAME)";
				SWIFT_VERSION = 4.2;
				TARGETED_DEVICE_FAMILY = "1,2";
				TEST_TARGET_NAME = MovieDB;
			};
			name = Release;
		};
/* End XCBuildConfiguration section */

/* Begin XCConfigurationList section */
		10B4E2C3224B5D3500D4B103 /* Build configuration list for PBXProject "MovieDB" */ = {
			isa = XCConfigurationList;
			buildConfigurations = (
				10B4E2EE224B5D3500D4B103 /* Debug */,
				10B4E2EF224B5D3500D4B103 /* Release */,
			);
			defaultConfigurationIsVisible = 0;
			defaultConfigurationName = Release;
		};
		10B4E2F0224B5D3500D4B103 /* Build configuration list for PBXNativeTarget "MovieDB" */ = {
			isa = XCConfigurationList;
			buildConfigurations = (
				10B4E2F1224B5D3500D4B103 /* Debug */,
				10B4E2F2224B5D3500D4B103 /* Release */,
			);
			defaultConfigurationIsVisible = 0;
			defaultConfigurationName = Release;
		};
		10B4E2F3224B5D3500D4B103 /* Build configuration list for PBXNativeTarget "MovieDBTests" */ = {
			isa = XCConfigurationList;
			buildConfigurations = (
				10B4E2F4224B5D3500D4B103 /* Debug */,
				10B4E2F5224B5D3500D4B103 /* Release */,
			);
			defaultConfigurationIsVisible = 0;
			defaultConfigurationName = Release;
		};
		10B4E2F6224B5D3500D4B103 /* Build configuration list for PBXNativeTarget "MovieDBUITests" */ = {
			isa = XCConfigurationList;
			buildConfigurations = (
				10B4E2F7224B5D3500D4B103 /* Debug */,
				10B4E2F8224B5D3500D4B103 /* Release */,
			);
			defaultConfigurationIsVisible = 0;
			defaultConfigurationName = Release;
		};
/* End XCConfigurationList section */
	};
	rootObject = 10B4E2C0224B5D3500D4B103 /* Project object */;
}
